
Microsoft Visual Studio Solution File, Format Version 12.00
# Visual Studio Version 17
VisualStudioVersion = 17.4.33213.308
MinimumVisualStudioVersion = 10.0.40219.1
Project("{FAE04EC0-301F-11D3-BF4B-00C04F79EFBC}") = "Api", "Api\Api.csproj", "{F517E6E8-9672-4D00-879D-BD3A65C20D8C}"
EndProject
Project("{FAE04EC0-301F-11D3-BF4B-00C04F79EFBC}") = "ApiTests", "ApiTests\ApiTests.csproj", "{9DDFF898-C258-4420-972C-86E5A0427619}"
EndProject
Global
	GlobalSection(SolutionConfigurationPlatforms) = preSolution
		Debug|Any CPU = Debug|Any CPU
		Release|Any CPU = Release|Any CPU
	EndGlobalSection
	GlobalSection(ProjectConfigurationPlatforms) = postSolution
		{F517E6E8-9672-4D00-879D-BD3A65C20D8C}.Debug|Any CPU.ActiveCfg = Debug|Any CPU
		{F517E6E8-9672-4D00-879D-BD3A65C20D8C}.Debug|Any CPU.Build.0 = Debug|Any CPU
		{F517E6E8-9672-4D00-879D-BD3A65C20D8C}.Release|Any CPU.ActiveCfg = Release|Any CPU
		{F517E6E8-9672-4D00-879D-BD3A65C20D8C}.Release|Any CPU.Build.0 = Release|Any CPU
		{9DDFF898-C258-4420-972C-86E5A0427619}.Debug|Any CPU.ActiveCfg = Debug|Any CPU
		{9DDFF898-C258-4420-972C-86E5A0427619}.Debug|Any CPU.Build.0 = Debug|Any CPU
		{9DDFF898-C258-4420-972C-86E5A0427619}.Release|Any CPU.ActiveCfg = Release|Any CPU
		{9DDFF898-C258-4420-972C-86E5A0427619}.Release|Any CPU.Build.0 = Release|Any CPU
	EndGlobalSection
	GlobalSection(SolutionProperties) = preSolution
		HideSolutionNode = FALSE
	EndGlobalSection
	GlobalSection(ExtensibilityGlobals) = postSolution
		SolutionGuid = {6C75F481-CB5C-4826-932D-558D13666E7B}
	EndGlobalSection
EndGlobal
